// !$*UTF8*$!
{
	archiveVersion = 1;
	classes = {
	};
	objectVersion = 46;
	objects = {

/* Begin PBXBuildFile section */
		55EC07BE1FBB319B00A5FC03 /* main.m in Sources */ = {isa = PBXBuildFile; fileRef = 55EC07BD1FBB319B00A5FC03 /* main.m */; };
		55EC07C11FBB319B00A5FC03 /* AppDelegate.m in Sources */ = {isa = PBXBuildFile; fileRef = 55EC07C01FBB319B00A5FC03 /* AppDelegate.m */; };
		55EC07C41FBB319B00A5FC03 /* ViewController.m in Sources */ = {isa = PBXBuildFile; fileRef = 55EC07C31FBB319B00A5FC03 /* ViewController.m */; };
		55EC07C71FBB319B00A5FC03 /* Main.storyboard in Resources */ = {isa = PBXBuildFile; fileRef = 55EC07C51FBB319B00A5FC03 /* Main.storyboard */; };
		55EC07C91FBB319B00A5FC03 /* Assets.xcassets in Resources */ = {isa = PBXBuildFile; fileRef = 55EC07C81FBB319B00A5FC03 /* Assets.xcassets */; };
		55EC07CC1FBB319B00A5FC03 /* LaunchScreen.storyboard in Resources */ = {isa = PBXBuildFile; fileRef = 55EC07CA1FBB319B00A5FC03 /* LaunchScreen.storyboard */; };
		55EC07D71FBB319B00A5FC03 /* LeftoversTests.m in Sources */ = {isa = PBXBuildFile; fileRef = 55EC07D61FBB319B00A5FC03 /* LeftoversTests.m */; };
		55EC07E21FBB319B00A5FC03 /* LeftoversUITests.m in Sources */ = {isa = PBXBuildFile; fileRef = 55EC07E11FBB319B00A5FC03 /* LeftoversUITests.m */; };
		55EC07F11FBB3B2600A5FC03 /* TableViewController.m in Sources */ = {isa = PBXBuildFile; fileRef = 55EC07F01FBB3B2600A5FC03 /* TableViewController.m */; };
		55EC07F41FBB3D3E00A5FC03 /* Data Recipe.m in Sources */ = {isa = PBXBuildFile; fileRef = 55EC07F31FBB3D3E00A5FC03 /* Data Recipe.m */; };
/* End PBXBuildFile section */

/* Begin PBXContainerItemProxy section */
		55EC07D31FBB319B00A5FC03 /* PBXContainerItemProxy */ = {
			isa = PBXContainerItemProxy;
			containerPortal = 55EC07B11FBB319B00A5FC03 /* Project object */;
			proxyType = 1;
			remoteGlobalIDString = 55EC07B81FBB319B00A5FC03;
			remoteInfo = Leftovers;
		};
		55EC07DE1FBB319B00A5FC03 /* PBXContainerItemProxy */ = {
			isa = PBXContainerItemProxy;
			containerPortal = 55EC07B11FBB319B00A5FC03 /* Project object */;
			proxyType = 1;
			remoteGlobalIDString = 55EC07B81FBB319B00A5FC03;
			remoteInfo = Leftovers;
		};
/* End PBXContainerItemProxy section */

/* Begin PBXFileReference section */
		55EC07B91FBB319B00A5FC03 /* Leftovers.app */ = {isa = PBXFileReference; explicitFileType = wrapper.application; includeInIndex = 0; path = Leftovers.app; sourceTree = BUILT_PRODUCTS_DIR; };
		55EC07BD1FBB319B00A5FC03 /* main.m */ = {isa = PBXFileReference; lastKnownFileType = sourcecode.c.objc; path = main.m; sourceTree = "<group>"; };
		55EC07BF1FBB319B00A5FC03 /* AppDelegate.h */ = {isa = PBXFileReference; lastKnownFileType = sourcecode.c.h; path = AppDelegate.h; sourceTree = "<group>"; };
		55EC07C01FBB319B00A5FC03 /* AppDelegate.m */ = {isa = PBXFileReference; lastKnownFileType = sourcecode.c.objc; path = AppDelegate.m; sourceTree = "<group>"; };
		55EC07C21FBB319B00A5FC03 /* ViewController.h */ = {isa = PBXFileReference; lastKnownFileType = sourcecode.c.h; path = ViewController.h; sourceTree = "<group>"; };
		55EC07C31FBB319B00A5FC03 /* ViewController.m */ = {isa = PBXFileReference; lastKnownFileType = sourcecode.c.objc; path = ViewController.m; sourceTree = "<group>"; };
		55EC07C61FBB319B00A5FC03 /* Base */ = {isa = PBXFileReference; lastKnownFileType = file.storyboard; name = Base; path = Base.lproj/Main.storyboard; sourceTree = "<group>"; };
		55EC07C81FBB319B00A5FC03 /* Assets.xcassets */ = {isa = PBXFileReference; lastKnownFileType = folder.assetcatalog; path = Assets.xcassets; sourceTree = "<group>"; };
		55EC07CB1FBB319B00A5FC03 /* Base */ = {isa = PBXFileReference; lastKnownFileType = file.storyboard; name = Base; path = Base.lproj/LaunchScreen.storyboard; sourceTree = "<group>"; };
		55EC07CD1FBB319B00A5FC03 /* Info.plist */ = {isa = PBXFileReference; lastKnownFileType = text.plist.xml; path = Info.plist; sourceTree = "<group>"; };
		55EC07D21FBB319B00A5FC03 /* LeftoversTests.xctest */ = {isa = PBXFileReference; explicitFileType = wrapper.cfbundle; includeInIndex = 0; path = LeftoversTests.xctest; sourceTree = BUILT_PRODUCTS_DIR; };
		55EC07D61FBB319B00A5FC03 /* LeftoversTests.m */ = {isa = PBXFileReference; lastKnownFileType = sourcecode.c.objc; path = LeftoversTests.m; sourceTree = "<group>"; };
		55EC07D81FBB319B00A5FC03 /* Info.plist */ = {isa = PBXFileReference; lastKnownFileType = text.plist.xml; path = Info.plist; sourceTree = "<group>"; };
		55EC07DD1FBB319B00A5FC03 /* LeftoversUITests.xctest */ = {isa = PBXFileReference; explicitFileType = wrapper.cfbundle; includeInIndex = 0; path = LeftoversUITests.xctest; sourceTree = BUILT_PRODUCTS_DIR; };
		55EC07E11FBB319B00A5FC03 /* LeftoversUITests.m */ = {isa = PBXFileReference; lastKnownFileType = sourcecode.c.objc; path = LeftoversUITests.m; sourceTree = "<group>"; };
		55EC07E31FBB319B00A5FC03 /* Info.plist */ = {isa = PBXFileReference; lastKnownFileType = text.plist.xml; path = Info.plist; sourceTree = "<group>"; };
		55EC07EF1FBB3B2600A5FC03 /* TableViewController.h */ = {isa = PBXFileReference; fileEncoding = 4; lastKnownFileType = sourcecode.c.h; path = TableViewController.h; sourceTree = "<group>"; };
		55EC07F01FBB3B2600A5FC03 /* TableViewController.m */ = {isa = PBXFileReference; fileEncoding = 4; lastKnownFileType = sourcecode.c.objc; path = TableViewController.m; sourceTree = "<group>"; };
		55EC07F21FBB3D3E00A5FC03 /* Data Recipe.h */ = {isa = PBXFileReference; fileEncoding = 4; lastKnownFileType = sourcecode.c.h; path = "Data Recipe.h"; sourceTree = "<group>"; };
		55EC07F31FBB3D3E00A5FC03 /* Data Recipe.m */ = {isa = PBXFileReference; fileEncoding = 4; lastKnownFileType = sourcecode.c.objc; path = "Data Recipe.m"; sourceTree = "<group>"; };
/* End PBXFileReference section */

/* Begin PBXFrameworksBuildPhase section */
		55EC07B61FBB319B00A5FC03 /* Frameworks */ = {
			isa = PBXFrameworksBuildPhase;
			buildActionMask = 2147483647;
			files = (
			);
			runOnlyForDeploymentPostprocessing = 0;
		};
		55EC07CF1FBB319B00A5FC03 /* Frameworks */ = {
			isa = PBXFrameworksBuildPhase;
			buildActionMask = 2147483647;
			files = (
			);
			runOnlyForDeploymentPostprocessing = 0;
		};
		55EC07DA1FBB319B00A5FC03 /* Frameworks */ = {
			isa = PBXFrameworksBuildPhase;
			buildActionMask = 2147483647;
			files = (
			);
			runOnlyForDeploymentPostprocessing = 0;
		};
/* End PBXFrameworksBuildPhase section */

/* Begin PBXGroup section */
		55EC07B01FBB319B00A5FC03 = {
			isa = PBXGroup;
			children = (
				55EC07BB1FBB319B00A5FC03 /* Leftovers */,
				55EC07D51FBB319B00A5FC03 /* LeftoversTests */,
				55EC07E01FBB319B00A5FC03 /* LeftoversUITests */,
				55EC07BA1FBB319B00A5FC03 /* Products */,
			);
			sourceTree = "<group>";
		};
		55EC07BA1FBB319B00A5FC03 /* Products */ = {
			isa = PBXGroup;
			children = (
				55EC07B91FBB319B00A5FC03 /* Leftovers.app */,
				55EC07D21FBB319B00A5FC03 /* LeftoversTests.xctest */,
				55EC07DD1FBB319B00A5FC03 /* LeftoversUITests.xctest */,
			);
			name = Products;
			sourceTree = "<group>";
		};
		55EC07BB1FBB319B00A5FC03 /* Leftovers */ = {
			isa = PBXGroup;
			children = (
				55EC07BF1FBB319B00A5FC03 /* AppDelegate.h */,
				55EC07C01FBB319B00A5FC03 /* AppDelegate.m */,
				55EC07C21FBB319B00A5FC03 /* ViewController.h */,
				55EC07C31FBB319B00A5FC03 /* ViewController.m */,
				55EC07C51FBB319B00A5FC03 /* Main.storyboard */,
				55EC07F21FBB3D3E00A5FC03 /* Data Recipe.h */,
				55EC07F31FBB3D3E00A5FC03 /* Data Recipe.m */,
				55EC07EF1FBB3B2600A5FC03 /* TableViewController.h */,
				55EC07F01FBB3B2600A5FC03 /* TableViewController.m */,
				55EC07C81FBB319B00A5FC03 /* Assets.xcassets */,
				55EC07CA1FBB319B00A5FC03 /* LaunchScreen.storyboard */,
				55EC07CD1FBB319B00A5FC03 /* Info.plist */,
				55EC07BC1FBB319B00A5FC03 /* Supporting Files */,
			);
			path = Leftovers;
			sourceTree = "<group>";
		};
		55EC07BC1FBB319B00A5FC03 /* Supporting Files */ = {
			isa = PBXGroup;
			children = (
				55EC07BD1FBB319B00A5FC03 /* main.m */,
			);
			name = "Supporting Files";
			sourceTree = "<group>";
		};
		55EC07D51FBB319B00A5FC03 /* LeftoversTests */ = {
			isa = PBXGroup;
			children = (
				55EC07D61FBB319B00A5FC03 /* LeftoversTests.m */,
				55EC07D81FBB319B00A5FC03 /* Info.plist */,
			);
			path = LeftoversTests;
			sourceTree = "<group>";
		};
		55EC07E01FBB319B00A5FC03 /* LeftoversUITests */ = {
			isa = PBXGroup;
			children = (
				55EC07E11FBB319B00A5FC03 /* LeftoversUITests.m */,
				55EC07E31FBB319B00A5FC03 /* Info.plist */,
			);
			path = LeftoversUITests;
			sourceTree = "<group>";
		};
/* End PBXGroup section */

/* Begin PBXNativeTarget section */
		55EC07B81FBB319B00A5FC03 /* Leftovers */ = {
			isa = PBXNativeTarget;
			buildConfigurationList = 55EC07E61FBB319B00A5FC03 /* Build configuration list for PBXNativeTarget "Leftovers" */;
			buildPhases = (
				55EC07B51FBB319B00A5FC03 /* Sources */,
				55EC07B61FBB319B00A5FC03 /* Frameworks */,
				55EC07B71FBB319B00A5FC03 /* Resources */,
			);
			buildRules = (
			);
			dependencies = (
			);
			name = Leftovers;
			productName = Leftovers;
			productReference = 55EC07B91FBB319B00A5FC03 /* Leftovers.app */;
			productType = "com.apple.product-type.application";
		};
		55EC07D11FBB319B00A5FC03 /* LeftoversTests */ = {
			isa = PBXNativeTarget;
			buildConfigurationList = 55EC07E91FBB319B00A5FC03 /* Build configuration list for PBXNativeTarget "LeftoversTests" */;
			buildPhases = (
				55EC07CE1FBB319B00A5FC03 /* Sources */,
				55EC07CF1FBB319B00A5FC03 /* Frameworks */,
				55EC07D01FBB319B00A5FC03 /* Resources */,
			);
			buildRules = (
			);
			dependencies = (
				55EC07D41FBB319B00A5FC03 /* PBXTargetDependency */,
			);
			name = LeftoversTests;
			productName = LeftoversTests;
			productReference = 55EC07D21FBB319B00A5FC03 /* LeftoversTests.xctest */;
			productType = "com.apple.product-type.bundle.unit-test";
		};
		55EC07DC1FBB319B00A5FC03 /* LeftoversUITests */ = {
			isa = PBXNativeTarget;
			buildConfigurationList = 55EC07EC1FBB319B00A5FC03 /* Build configuration list for PBXNativeTarget "LeftoversUITests" */;
			buildPhases = (
				55EC07D91FBB319B00A5FC03 /* Sources */,
				55EC07DA1FBB319B00A5FC03 /* Frameworks */,
				55EC07DB1FBB319B00A5FC03 /* Resources */,
			);
			buildRules = (
			);
			dependencies = (
				55EC07DF1FBB319B00A5FC03 /* PBXTargetDependency */,
			);
			name = LeftoversUITests;
			productName = LeftoversUITests;
			productReference = 55EC07DD1FBB319B00A5FC03 /* LeftoversUITests.xctest */;
			productType = "com.apple.product-type.bundle.ui-testing";
		};
/* End PBXNativeTarget section */

/* Begin PBXProject section */
		55EC07B11FBB319B00A5FC03 /* Project object */ = {
			isa = PBXProject;
			attributes = {
				LastUpgradeCheck = 0800;
				ORGANIZATIONNAME = "University of Leeds";
				TargetAttributes = {
					55EC07B81FBB319B00A5FC03 = {
						CreatedOnToolsVersion = 8.0;
						ProvisioningStyle = Automatic;
					};
					55EC07D11FBB319B00A5FC03 = {
						CreatedOnToolsVersion = 8.0;
						ProvisioningStyle = Automatic;
						TestTargetID = 55EC07B81FBB319B00A5FC03;
					};
					55EC07DC1FBB319B00A5FC03 = {
						CreatedOnToolsVersion = 8.0;
						ProvisioningStyle = Automatic;
						TestTargetID = 55EC07B81FBB319B00A5FC03;
					};
				};
			};
			buildConfigurationList = 55EC07B41FBB319B00A5FC03 /* Build configuration list for PBXProject "Leftovers" */;
			compatibilityVersion = "Xcode 3.2";
			developmentRegion = English;
			hasScannedForEncodings = 0;
			knownRegions = (
				en,
				Base,
			);
			mainGroup = 55EC07B01FBB319B00A5FC03;
			productRefGroup = 55EC07BA1FBB319B00A5FC03 /* Products */;
			projectDirPath = "";
			projectRoot = "";
			targets = (
				55EC07B81FBB319B00A5FC03 /* Leftovers */,
				55EC07D11FBB319B00A5FC03 /* LeftoversTests */,
				55EC07DC1FBB319B00A5FC03 /* LeftoversUITests */,
			);
		};
/* End PBXProject section */

/* Begin PBXResourcesBuildPhase section */
		55EC07B71FBB319B00A5FC03 /* Resources */ = {
			isa = PBXResourcesBuildPhase;
			buildActionMask = 2147483647;
			files = (
				55EC07CC1FBB319B00A5FC03 /* LaunchScreen.storyboard in Resources */,
				55EC07C91FBB319B00A5FC03 /* Assets.xcassets in Resources */,
				55EC07C71FBB319B00A5FC03 /* Main.storyboard in Resources */,
			);
			runOnlyForDeploymentPostprocessing = 0;
		};
		55EC07D01FBB319B00A5FC03 /* Resources */ = {
			isa = PBXResourcesBuildPhase;
			buildActionMask = 2147483647;
			files = (
			);
			runOnlyForDeploymentPostprocessing = 0;
		};
		55EC07DB1FBB319B00A5FC03 /* Resources */ = {
			isa = PBXResourcesBuildPhase;
			buildActionMask = 2147483647;
			files = (
			);
			runOnlyForDeploymentPostprocessing = 0;
		};
/* End PBXResourcesBuildPhase section */

/* Begin PBXSourcesBuildPhase section */
		55EC07B51FBB319B00A5FC03 /* Sources */ = {
			isa = PBXSourcesBuildPhase;
			buildActionMask = 2147483647;
			files = (
				55EC07C41FBB319B00A5FC03 /* ViewController.m in Sources */,
				55EC07C11FBB319B00A5FC03 /* AppDelegate.m in Sources */,
				55EC07BE1FBB319B00A5FC03 /* main.m in Sources */,
				55EC07F41FBB3D3E00A5FC03 /* Data Recipe.m in Sources */,
				55EC07F11FBB3B2600A5FC03 /* TableViewController.m in Sources */,
			);
			runOnlyForDeploymentPostprocessing = 0;
		};
		55EC07CE1FBB319B00A5FC03 /* Sources */ = {
			isa = PBXSourcesBuildPhase;
			buildActionMask = 2147483647;
			files = (
				55EC07D71FBB319B00A5FC03 /* LeftoversTests.m in Sources */,
			);
			runOnlyForDeploymentPostprocessing = 0;
		};
		55EC07D91FBB319B00A5FC03 /* Sources */ = {
			isa = PBXSourcesBuildPhase;
			buildActionMask = 2147483647;
			files = (
				55EC07E21FBB319B00A5FC03 /* LeftoversUITests.m in Sources */,
			);
			runOnlyForDeploymentPostprocessing = 0;
		};
/* End PBXSourcesBuildPhase section */

/* Begin PBXTargetDependency section */
		55EC07D41FBB319B00A5FC03 /* PBXTargetDependency */ = {
			isa = PBXTargetDependency;
			target = 55EC07B81FBB319B00A5FC03 /* Leftovers */;
			targetProxy = 55EC07D31FBB319B00A5FC03 /* PBXContainerItemProxy */;
		};
		55EC07DF1FBB319B00A5FC03 /* PBXTargetDependency */ = {
			isa = PBXTargetDependency;
			target = 55EC07B81FBB319B00A5FC03 /* Leftovers */;
			targetProxy = 55EC07DE1FBB319B00A5FC03 /* PBXContainerItemProxy */;
		};
/* End PBXTargetDependency section */

/* Begin PBXVariantGroup section */
		55EC07C51FBB319B00A5FC03 /* Main.storyboard */ = {
			isa = PBXVariantGroup;
			children = (
				55EC07C61FBB319B00A5FC03 /* Base */,
			);
			name = Main.storyboard;
			sourceTree = "<group>";
		};
		55EC07CA1FBB319B00A5FC03 /* LaunchScreen.storyboard */ = {
			isa = PBXVariantGroup;
			children = (
				55EC07CB1FBB319B00A5FC03 /* Base */,
			);
			name = LaunchScreen.storyboard;
			sourceTree = "<group>";
		};
/* End PBXVariantGroup section */

/* Begin XCBuildConfiguration section */
		55EC07E41FBB319B00A5FC03 /* Debug */ = {
			isa = XCBuildConfiguration;
			buildSettings = {
				ALWAYS_SEARCH_USER_PATHS = NO;
				CLANG_ANALYZER_NONNULL = YES;
				CLANG_CXX_LANGUAGE_STANDARD = "gnu++0x";
				CLANG_CXX_LIBRARY = "libc++";
				CLANG_ENABLE_MODULES = YES;
				CLANG_ENABLE_OBJC_ARC = YES;
				CLANG_WARN_BOOL_CONVERSION = YES;
				CLANG_WARN_CONSTANT_CONVERSION = YES;
				CLANG_WARN_DIRECT_OBJC_ISA_USAGE = YES_ERROR;
				CLANG_WARN_DOCUMENTATION_COMMENTS = YES;
				CLANG_WARN_EMPTY_BODY = YES;
				CLANG_WARN_ENUM_CONVERSION = YES;
				CLANG_WARN_INFINITE_RECURSION = YES;
				CLANG_WARN_INT_CONVERSION = YES;
				CLANG_WARN_OBJC_ROOT_CLASS = YES_ERROR;
				CLANG_WARN_SUSPICIOUS_MOVES = YES;
				CLANG_WARN_UNREACHABLE_CODE = YES;
				CLANG_WARN__DUPLICATE_METHOD_MATCH = YES;
				"CODE_SIGN_IDENTITY[sdk=iphoneos*]" = "iPhone Developer";
				COPY_PHASE_STRIP = NO;
				DEBUG_INFORMATION_FORMAT = dwarf;
				ENABLE_STRICT_OBJC_MSGSEND = YES;
				ENABLE_TESTABILITY = YES;
				GCC_C_LANGUAGE_STANDARD = gnu99;
				GCC_DYNAMIC_NO_PIC = NO;
				GCC_NO_COMMON_BLOCKS = YES;
				GCC_OPTIMIZATION_LEVEL = 0;
				GCC_PREPROCESSOR_DEFINITIONS = (
					"DEBUG=1",
					"$(inherited)",
				);
				GCC_WARN_64_TO_32_BIT_CONVERSION = YES;
				GCC_WARN_ABOUT_RETURN_TYPE = YES_ERROR;
				GCC_WARN_UNDECLARED_SELECTOR = YES;
				GCC_WARN_UNINITIALIZED_AUTOS = YES_AGGRESSIVE;
				GCC_WARN_UNUSED_FUNCTION = YES;
				GCC_WARN_UNUSED_VARIABLE = YES;
				IPHONEOS_DEPLOYMENT_TARGET = 10.0;
				MTL_ENABLE_DEBUG_INFO = YES;
				ONLY_ACTIVE_ARCH = YES;
				SDKROOT = iphoneos;
				TARGETED_DEVICE_FAMILY = "1,2";
			};
			name = Debug;
		};
		55EC07E51FBB319B00A5FC03 /* Release */ = {
			isa = XCBuildConfiguration;
			buildSettings = {
				ALWAYS_SEARCH_USER_PATHS = NO;
				CLANG_ANALYZER_NONNULL = YES;
				CLANG_CXX_LANGUAGE_STANDARD = "gnu++0x";
				CLANG_CXX_LIBRARY = "libc++";
				CLANG_ENABLE_MODULES = YES;
				CLANG_ENABLE_OBJC_ARC = YES;
				CLANG_WARN_BOOL_CONVERSION = YES;
				CLANG_WARN_CONSTANT_CONVERSION = YES;
				CLANG_WARN_DIRECT_OBJC_ISA_USAGE = YES_ERROR;
				CLANG_WARN_DOCUMENTATION_COMMENTS = YES;
				CLANG_WARN_EMPTY_BODY = YES;
				CLANG_WARN_ENUM_CONVERSION = YES;
				CLANG_WARN_INFINITE_RECURSION = YES;
				CLANG_WARN_INT_CONVERSION = YES;
				CLANG_WARN_OBJC_ROOT_CLASS = YES_ERROR;
				CLANG_WARN_SUSPICIOUS_MOVES = YES;
				CLANG_WARN_UNREACHABLE_CODE = YES;
				CLANG_WARN__DUPLICATE_METHOD_MATCH = YES;
				"CODE_SIGN_IDENTITY[sdk=iphoneos*]" = "iPhone Developer";
				COPY_PHASE_STRIP = NO;
				DEBUG_INFORMATION_FORMAT = "dwarf-with-dsym";
				ENABLE_NS_ASSERTIONS = NO;
				ENABLE_STRICT_OBJC_MSGSEND = YES;
				GCC_C_LANGUAGE_STANDARD = gnu99;
				GCC_NO_COMMON_BLOCKS = YES;
				GCC_WARN_64_TO_32_BIT_CONVERSION = YES;
				GCC_WARN_ABOUT_RETURN_TYPE = YES_ERROR;
				GCC_WARN_UNDECLARED_SELECTOR = YES;
				GCC_WARN_UNINITIALIZED_AUTOS = YES_AGGRESSIVE;
				GCC_WARN_UNUSED_FUNCTION = YES;
				GCC_WARN_UNUSED_VARIABLE = YES;
				IPHONEOS_DEPLOYMENT_TARGET = 10.0;
				MTL_ENABLE_DEBUG_INFO = NO;
				SDKROOT = iphoneos;
				TARGETED_DEVICE_FAMILY = "1,2";
				VALIDATE_PRODUCT = YES;
			};
			name = Release;
		};
		55EC07E71FBB319B00A5FC03 /* Debug */ = {
			isa = XCBuildConfiguration;
			buildSettings = {
				ASSETCATALOG_COMPILER_APPICON_NAME = AppIcon;
				INFOPLIST_FILE = Leftovers/Info.plist;
				LD_RUNPATH_SEARCH_PATHS = "$(inherited) @executable_path/Frameworks";
				PRODUCT_BUNDLE_IDENTIFIER = uk.ac.leedss.Leftovers;
				PRODUCT_NAME = "$(TARGET_NAME)";
			};
			name = Debug;
		};
		55EC07E81FBB319B00A5FC03 /* Release */ = {
			isa = XCBuildConfiguration;
			buildSettings = {
				ASSETCATALOG_COMPILER_APPICON_NAME = AppIcon;
				INFOPLIST_FILE = Leftovers/Info.plist;
				LD_RUNPATH_SEARCH_PATHS = "$(inherited) @executable_path/Frameworks";
				PRODUCT_BUNDLE_IDENTIFIER = uk.ac.leedss.Leftovers;
				PRODUCT_NAME = "$(TARGET_NAME)";
			};
			name = Release;
		};
		55EC07EA1FBB319B00A5FC03 /* Debug */ = {
			isa = XCBuildConfiguration;
			buildSettings = {
				BUNDLE_LOADER = "$(TEST_HOST)";
				INFOPLIST_FILE = LeftoversTests/Info.plist;
				LD_RUNPATH_SEARCH_PATHS = "$(inherited) @executable_path/Frameworks @loader_path/Frameworks";
				PRODUCT_BUNDLE_IDENTIFIER = uk.ac.leedss.LeftoversTests;
				PRODUCT_NAME = "$(TARGET_NAME)";
				TEST_HOST = "$(BUILT_PRODUCTS_DIR)/Leftovers.app/Leftovers";
			};
			name = Debug;
		};
		55EC07EB1FBB319B00A5FC03 /* Release */ = {
			isa = XCBuildConfiguration;
			buildSettings = {
				BUNDLE_LOADER = "$(TEST_HOST)";
				INFOPLIST_FILE = LeftoversTests/Info.plist;
				LD_RUNPATH_SEARCH_PATHS = "$(inherited) @executable_path/Frameworks @loader_path/Frameworks";
				PRODUCT_BUNDLE_IDENTIFIER = uk.ac.leedss.LeftoversTests;
				PRODUCT_NAME = "$(TARGET_NAME)";
				TEST_HOST = "$(BUILT_PRODUCTS_DIR)/Leftovers.app/Leftovers";
			};
			name = Release;
		};
		55EC07ED1FBB319B00A5FC03 /* Debug */ = {
			isa = XCBuildConfiguration;
			buildSettings = {
				INFOPLIST_FILE = LeftoversUITests/Info.plist;
				LD_RUNPATH_SEARCH_PATHS = "$(inherited) @executable_path/Frameworks @loader_path/Frameworks";
				PRODUCT_BUNDLE_IDENTIFIER = uk.ac.leedss.LeftoversUITests;
				PRODUCT_NAME = "$(TARGET_NAME)";
				TEST_TARGET_NAME = Leftovers;
			};
			name = Debug;
		};
		55EC07EE1FBB319B00A5FC03 /* Release */ = {
			isa = XCBuildConfiguration;
			buildSettings = {
				INFOPLIST_FILE = LeftoversUITests/Info.plist;
				LD_RUNPATH_SEARCH_PATHS = "$(inherited) @executable_path/Frameworks @loader_path/Frameworks";
				PRODUCT_BUNDLE_IDENTIFIER = uk.ac.leedss.LeftoversUITests;
				PRODUCT_NAME = "$(TARGET_NAME)";
				TEST_TARGET_NAME = Leftovers;
			};
			name = Release;
		};
/* End XCBuildConfiguration section */

/* Begin XCConfigurationList section */
		55EC07B41FBB319B00A5FC03 /* Build configuration list for PBXProject "Leftovers" */ = {
			isa = XCConfigurationList;
			buildConfigurations = (
				55EC07E41FBB319B00A5FC03 /* Debug */,
				55EC07E51FBB319B00A5FC03 /* Release */,
			);
			defaultConfigurationIsVisible = 0;
			defaultConfigurationName = Release;
		};
		55EC07E61FBB319B00A5FC03 /* Build configuration list for PBXNativeTarget "Leftovers" */ = {
			isa = XCConfigurationList;
			buildConfigurations = (
				55EC07E71FBB319B00A5FC03 /* Debug */,
				55EC07E81FBB319B00A5FC03 /* Release */,
			);
			defaultConfigurationIsVisible = 0;
		};
		55EC07E91FBB319B00A5FC03 /* Build configuration list for PBXNativeTarget "LeftoversTests" */ = {
			isa = XCConfigurationList;
			buildConfigurations = (
				55EC07EA1FBB319B00A5FC03 /* Debug */,
				55EC07EB1FBB319B00A5FC03 /* Release */,
			);
			defaultConfigurationIsVisible = 0;
		};
		55EC07EC1FBB319B00A5FC03 /* Build configuration list for PBXNativeTarget "LeftoversUITests" */ = {
			isa = XCConfigurationList;
			buildConfigurations = (
				55EC07ED1FBB319B00A5FC03 /* Debug */,
				55EC07EE1FBB319B00A5FC03 /* Release */,
			);
			defaultConfigurationIsVisible = 0;
		};
/* End XCConfigurationList section */
	};
	rootObject = 55EC07B11FBB319B00A5FC03 /* Project object */;
}
